
Microsoft Visual Studio Solution File, Format Version 12.00
# Visual Studio 15
VisualStudioVersion = 15.0.27428.2015
MinimumVisualStudioVersion = 10.0.40219.1
Project("{9A19103F-16F7-4668-BE54-9A1E7A4F7556}") = "ClassLibraryISBN", "ClassLibrary2\ClassLibraryISBN.csproj", "{89598353-B9C7-44C8-B3A6-E2C55214A7FD}"
EndProject
Project("{9A19103F-16F7-4668-BE54-9A1E7A4F7556}") = "UnitTestISBN", "UnitTestProject2\UnitTestISBN.csproj", "{5DA33B7F-6104-416F-B782-6D7D35239AE3}"
EndProject
Project("{9A19103F-16F7-4668-BE54-9A1E7A4F7556}") = "ConsoleApp", "ConsoleApp\ConsoleApp.csproj", "{CFACEE33-75EF-4FBD-BF77-1A4FC8F7469D}"
EndProject
Project("{9A19103F-16F7-4668-BE54-9A1E7A4F7556}") = "ShapeLibrary", "ShapeLibrary\ShapeLibrary.csproj", "{C303E477-D083-409D-BC0E-943E392974E5}"
EndProject
Global
	GlobalSection(SolutionConfigurationPlatforms) = preSolution
		Debug|Any CPU = Debug|Any CPU
		Release|Any CPU = Release|Any CPU
	EndGlobalSection
	GlobalSection(ProjectConfigurationPlatforms) = postSolution
		{89598353-B9C7-44C8-B3A6-E2C55214A7FD}.Debug|Any CPU.ActiveCfg = Debug|Any CPU
		{89598353-B9C7-44C8-B3A6-E2C55214A7FD}.Debug|Any CPU.Build.0 = Debug|Any CPU
		{89598353-B9C7-44C8-B3A6-E2C55214A7FD}.Release|Any CPU.ActiveCfg = Release|Any CPU
		{89598353-B9C7-44C8-B3A6-E2C55214A7FD}.Release|Any CPU.Build.0 = Release|Any CPU
		{5DA33B7F-6104-416F-B782-6D7D35239AE3}.Debug|Any CPU.ActiveCfg = Debug|Any CPU
		{5DA33B7F-6104-416F-B782-6D7D35239AE3}.Debug|Any CPU.Build.0 = Debug|Any CPU
		{5DA33B7F-6104-416F-B782-6D7D35239AE3}.Release|Any CPU.ActiveCfg = Release|Any CPU
		{5DA33B7F-6104-416F-B782-6D7D35239AE3}.Release|Any CPU.Build.0 = Release|Any CPU
		{CFACEE33-75EF-4FBD-BF77-1A4FC8F7469D}.Debug|Any CPU.ActiveCfg = Debug|Any CPU
		{CFACEE33-75EF-4FBD-BF77-1A4FC8F7469D}.Debug|Any CPU.Build.0 = Debug|Any CPU
		{CFACEE33-75EF-4FBD-BF77-1A4FC8F7469D}.Release|Any CPU.ActiveCfg = Release|Any CPU
		{CFACEE33-75EF-4FBD-BF77-1A4FC8F7469D}.Release|Any CPU.Build.0 = Release|Any CPU
		{C303E477-D083-409D-BC0E-943E392974E5}.Debug|Any CPU.ActiveCfg = Debug|Any CPU
		{C303E477-D083-409D-BC0E-943E392974E5}.Debug|Any CPU.Build.0 = Debug|Any CPU
		{C303E477-D083-409D-BC0E-943E392974E5}.Release|Any CPU.ActiveCfg = Release|Any CPU
		{C303E477-D083-409D-BC0E-943E392974E5}.Release|Any CPU.Build.0 = Release|Any CPU
	EndGlobalSection
	GlobalSection(SolutionProperties) = preSolution
		HideSolutionNode = FALSE
	EndGlobalSection
	GlobalSection(ExtensibilityGlobals) = postSolution
		SolutionGuid = {3683054B-39D7-4898-A4C6-916D0435DABA}
	EndGlobalSection
EndGlobal
